{
  "requires": true,
  "lockfileVersion": 1,
  "dependencies": {
    "@types/abbrev": {
      "version": "1.1.1",
      "resolved": "https://registry.npmjs.org/@types/abbrev/-/abbrev-1.1.1.tgz",
      "integrity": "sha512-Yz32DXIriZIUIzf6zLE39e24F6jljUHyhxcEUCOyBRNKKBmg2NCoUWfH8h6VzkOLQYw6ImtJaFZggQevLYLC8w==",
      "dev": true
    },
    "@types/babel__code-frame": {
      "version": "7.0.3",
      "resolved": "https://registry.npmjs.org/@types/babel__code-frame/-/babel__code-frame-7.0.3.tgz",
      "integrity": "sha512-2TN6oiwtNjOezilFVl77zwdNPwQWaDBBCCWWxyo1ctiO3vAtd7H/aB/CBJdw9+kqq3+latD0SXoedIuHySSZWw==",
      "dev": true
    },
    "@types/bcrypt": {
      "version": "5.0.0",
      "resolved": "https://registry.npmjs.org/@types/bcrypt/-/bcrypt-5.0.0.tgz",
      "integrity": "sha512-agtcFKaruL8TmcvqbndlqHPSJgsolhf/qPWchFlgnW1gECTN/nKbFcoFnvKAQRFfKbh+BO6A3SWdJu9t+xF3Lw==",
      "dev": true,
      "requires": {
        "@types/node": "*"
      }
    },
    "@types/body-parser": {
      "version": "1.19.2",
      "resolved": "https://registry.npmjs.org/@types/body-parser/-/body-parser-1.19.2.tgz",
      "integrity": "sha512-ALYone6pm6QmwZoAgeyNksccT9Q4AWZQ6PvfwR37GT6r6FWUPguq6sUmNGSMV2Wr761oQoBxwGGa6DR5o1DC9g==",
      "dev": true,
      "requires": {
        "@types/connect": "*",
        "@types/node": "*"
      }
    },
    "@types/clone": {
      "version": "2.1.1",
      "resolved": "https://registry.npmjs.org/@types/clone/-/clone-2.1.1.tgz",
      "integrity": "sha512-BZIU34bSYye0j/BFcPraiDZ5ka6MJADjcDVELGf7glr9K+iE8NYVjFslJFVWzskSxkLLyCrSPScE82/UUoBSvg==",
      "dev": true
    },
    "@types/connect": {
      "version": "3.4.35",
      "resolved": "https://registry.npmjs.org/@types/connect/-/connect-3.4.35.tgz",
      "integrity": "sha512-cdeYyv4KWoEgpBISTxWvqYsVy444DOqehiF3fM3ne10AmJ62RSyNkUnxMJXHQWRQQX2eR94m5y1IZyDwBjV9FQ==",
      "dev": true,
      "requires": {
        "@types/node": "*"
      }
    },
    "@types/d": {
      "version": "1.0.1",
      "resolved": "https://registry.npmjs.org/@types/d/-/d-1.0.1.tgz",
      "integrity": "sha512-QulmL64LyXp3f0B5YnGpNDQfwOnVdrF8SEj3I8UFY6BwNyV3p0RrU66UVTudG/pn15++bf1Zfjhr4389VClGGw==",
      "dev": true
    },
    "@types/express": {
      "version": "4.17.13",
      "resolved": "https://registry.npmjs.org/@types/express/-/express-4.17.13.tgz",
      "integrity": "sha512-6bSZTPaTIACxn48l50SR+axgrqm6qXFIxrdAKaG6PaJk3+zuUr35hBlgT7vOmJcum+OEaIBLtHV/qloEAFITeA==",
      "dev": true,
      "requires": {
        "@types/body-parser": "*",
        "@types/express-serve-static-core": "^4.17.18",
        "@types/qs": "*",
        "@types/serve-static": "*"
      }
    },
    "@types/express-serve-static-core": {
      "version": "4.17.33",
      "resolved": "https://registry.npmjs.org/@types/express-serve-static-core/-/express-serve-static-core-4.17.33.tgz",
      "integrity": "sha512-TPBqmR/HRYI3eC2E5hmiivIzv+bidAfXofM+sbonAGvyDhySGw9/PQZFt2BLOrjUUR++4eJVpx6KnLQK1Fk9tA==",
      "dev": true,
      "requires": {
        "@types/node": "*",
        "@types/qs": "*",
        "@types/range-parser": "*"
      }
    },
    "@types/jsonwebtoken": {
      "version": "8.5.5",
      "resolved": "https://registry.npmjs.org/@types/jsonwebtoken/-/jsonwebtoken-8.5.5.tgz",
      "integrity": "sha512-OGqtHQ7N5/Ap/TUwO6IgHDuLiAoTmHhGpNvgkCm/F4N6pKzx/RBSfr2OXZSwC6vkfnsEdb6+7DNZVtiXiwdwFw==",
      "dev": true,
      "requires": {
        "@types/node": "*"
      }
    },
    "@types/mime": {
      "version": "3.0.1",
      "resolved": "https://registry.npmjs.org/@types/mime/-/mime-3.0.1.tgz",
      "integrity": "sha512-Y4XFY5VJAuw0FgAqPNd6NNoV44jbq9Bz2L7Rh/J6jLTiHBSBJa9fxqQIvkIld4GsoDOcCbvzOUAbLPsSKKg+uA==",
      "dev": true
    },
    "@types/node": {
      "version": "16.6.2",
      "resolved": "https://registry.npmjs.org/@types/node/-/node-16.6.2.tgz",
      "integrity": "sha512-LSw8TZt12ZudbpHc6EkIyDM3nHVWKYrAvGy6EAJfNfjusbwnThqjqxUKKRwuV3iWYeW/LYMzNgaq3MaLffQ2xA==",
      "dev": true
    },
    "@types/nodemon": {
      "version": "1.19.1",
      "resolved": "https://registry.npmjs.org/@types/nodemon/-/nodemon-1.19.1.tgz",
      "integrity": "sha512-3teAFqCFba3W9zk4dAGUZ+rW/nrQBrSGXWyK9HfJuWxmITk2z2d3u/5cy7oFqNG2fZxPwSAWkP+a8q/QC6UU5Q==",
      "dev": true,
      "requires": {
        "@types/node": "*"
      }
    },
    "@types/nopt": {
      "version": "3.0.29",
      "resolved": "https://registry.npmjs.org/@types/nopt/-/nopt-3.0.29.tgz",
      "integrity": "sha512-PAO73Sc7+IiTIuPY1r/l+TgdIK4lugz5QxPaQ25EsjBBuZAw8OOtNEEGXvGciYwWa+JBE5wNQ8mR6nJE+H2csQ==",
      "dev": true
    },
    "@types/pnpapi": {
      "version": "0.0.2",
      "resolved": "https://registry.npmjs.org/@types/pnpapi/-/pnpapi-0.0.2.tgz",
      "integrity": "sha512-2lqsQt1iXkiTqwuzw2SS50iduoPZNpV/ou4/vJD443C0weF63Gqd3ErGS811CBNMzLO64zVJ+tiyh+4yimdYkg==",
      "dev": true
    },
    "@types/qs": {
      "version": "6.9.7",
      "resolved": "https://registry.npmjs.org/@types/qs/-/qs-6.9.7.tgz",
      "integrity": "sha512-FGa1F62FT09qcrueBA6qYTrJPVDzah9a+493+o2PCXsesWHIn27G98TsSMs3WPNbZIEj4+VJf6saSFpvD+3Zsw==",
      "dev": true
    },
    "@types/range-parser": {
      "version": "1.2.4",
      "resolved": "https://registry.npmjs.org/@types/range-parser/-/range-parser-1.2.4.tgz",
      "integrity": "sha512-EEhsLsD6UsDM1yFhAvy0Cjr6VwmpMWqFBCb9w07wVugF7w9nfajxLuVmngTIpgS6svCnm6Vaw+MZhoDCKnOfsw==",
      "dev": true
    },
    "@types/serve-static": {
      "version": "1.15.1",
      "resolved": "https://registry.npmjs.org/@types/serve-static/-/serve-static-1.15.1.tgz",
      "integrity": "sha512-NUo5XNiAdULrJENtJXZZ3fHtfMolzZwczzBbnAeBbqBwG+LaG6YaJtuwzwGSQZ2wsCrxjEhNNjAkKigy3n8teQ==",
      "dev": true,
      "requires": {
        "@types/mime": "*",
        "@types/node": "*"
      }
    },
    "@types/sqlite3": {
      "version": "3.1.7",
      "resolved": "https://registry.npmjs.org/@types/sqlite3/-/sqlite3-3.1.7.tgz",
      "integrity": "sha512-8FHV/8Uzd7IwdHm5mvmF2Aif4aC/gjrt4axWD9SmfaxITnOjtOhCbOSTuqv/VbH1uq0QrwlaTj9aTz3gmR6u4w==",
      "dev": true,
      "requires": {
        "@types/node": "*"
      }
    },
    "@types/touch": {
      "version": "3.1.2",
      "resolved": "https://registry.npmjs.org/@types/touch/-/touch-3.1.2.tgz",
      "integrity": "sha512-6YYYfTc90glAZBvyjpmz6JFLtBRyLWXckmlNgK4R2czsWg63cRCI9Rb3aKJ6LPbw8jpHf7nZdVvMd6gUg4hVsw==",
      "dev": true,
      "requires": {
        "@types/node": "*"
      }
    },
    "types-registry": {
      "version": "0.1.640",
      "resolved": "https://registry.npmjs.org/types-registry/-/types-registry-0.1.640.tgz",
      "integrity": "sha512-B2VcmJdW/SdvMzIpmkBXD5/awogX28tgNr94PWafUgb4nFZyvpngCp97hfkz2RUy39byxcQL5T3TzTsBR2yoEA=="
    }
  }
}
